// !$*UTF8*$!
{
	archiveVersion = 1;
	classes = {
	};
	objectVersion = 56;
	objects = {

/* Begin PBXBuildFile section */
		A850596029655C9400EAACA0 /* NoteCellView.swift in Sources */ = {isa = PBXBuildFile; fileRef = A850595F29655C9400EAACA0 /* NoteCellView.swift */; };
		A850596229655DDF00EAACA0 /* NoteNewAndEditViewModel.swift in Sources */ = {isa = PBXBuildFile; fileRef = A850596129655DDF00EAACA0 /* NoteNewAndEditViewModel.swift */; };
		A850596429655E2100EAACA0 /* AppStorageManager.swift in Sources */ = {isa = PBXBuildFile; fileRef = A850596329655E2100EAACA0 /* AppStorageManager.swift */; };
		A850596629655E8800EAACA0 /* VIew + modifier.swift in Sources */ = {isa = PBXBuildFile; fileRef = A850596529655E8800EAACA0 /* VIew + modifier.swift */; };
		A8E4301A2958D1200029962B /* NoteSwiftUIApp.swift in Sources */ = {isa = PBXBuildFile; fileRef = A8E430192958D1200029962B /* NoteSwiftUIApp.swift */; };
		A8E4301C2958D1200029962B /* HomeView.swift in Sources */ = {isa = PBXBuildFile; fileRef = A8E4301B2958D1200029962B /* HomeView.swift */; };
		A8E4301E2958D1230029962B /* Assets.xcassets in Resources */ = {isa = PBXBuildFile; fileRef = A8E4301D2958D1230029962B /* Assets.xcassets */; };
		A8E430212958D1230029962B /* Preview Assets.xcassets in Resources */ = {isa = PBXBuildFile; fileRef = A8E430202958D1230029962B /* Preview Assets.xcassets */; };
		A8E430232958D1230029962B /* CoreDataManager.swift in Sources */ = {isa = PBXBuildFile; fileRef = A8E430222958D1230029962B /* CoreDataManager.swift */; };
		A8E430262958D1230029962B /* NoteSwiftUI.xcdatamodeld in Sources */ = {isa = PBXBuildFile; fileRef = A8E430242958D1230029962B /* NoteSwiftUI.xcdatamodeld */; };
		A8E4302D2958D1690029962B /* HomeViewModel.swift in Sources */ = {isa = PBXBuildFile; fileRef = A8E4302C2958D1690029962B /* HomeViewModel.swift */; };
		A8E430312958D1D90029962B /* NoteNewAndEditView.swift in Sources */ = {isa = PBXBuildFile; fileRef = A8E430302958D1D90029962B /* NoteNewAndEditView.swift */; };
/* End PBXBuildFile section */

/* Begin PBXFileReference section */
		A850595F29655C9400EAACA0 /* NoteCellView.swift */ = {isa = PBXFileReference; lastKnownFileType = sourcecode.swift; path = NoteCellView.swift; sourceTree = "<group>"; };
		A850596129655DDF00EAACA0 /* NoteNewAndEditViewModel.swift */ = {isa = PBXFileReference; lastKnownFileType = sourcecode.swift; path = NoteNewAndEditViewModel.swift; sourceTree = "<group>"; };
		A850596329655E2100EAACA0 /* AppStorageManager.swift */ = {isa = PBXFileReference; lastKnownFileType = sourcecode.swift; path = AppStorageManager.swift; sourceTree = "<group>"; };
		A850596529655E8800EAACA0 /* VIew + modifier.swift */ = {isa = PBXFileReference; lastKnownFileType = sourcecode.swift; path = "VIew + modifier.swift"; sourceTree = "<group>"; };
		A8E430162958D1200029962B /* NoteSwiftUI.app */ = {isa = PBXFileReference; explicitFileType = wrapper.application; includeInIndex = 0; path = NoteSwiftUI.app; sourceTree = BUILT_PRODUCTS_DIR; };
		A8E430192958D1200029962B /* NoteSwiftUIApp.swift */ = {isa = PBXFileReference; lastKnownFileType = sourcecode.swift; path = NoteSwiftUIApp.swift; sourceTree = "<group>"; };
		A8E4301B2958D1200029962B /* HomeView.swift */ = {isa = PBXFileReference; lastKnownFileType = sourcecode.swift; path = HomeView.swift; sourceTree = "<group>"; };
		A8E4301D2958D1230029962B /* Assets.xcassets */ = {isa = PBXFileReference; lastKnownFileType = folder.assetcatalog; path = Assets.xcassets; sourceTree = "<group>"; };
		A8E430202958D1230029962B /* Preview Assets.xcassets */ = {isa = PBXFileReference; lastKnownFileType = folder.assetcatalog; path = "Preview Assets.xcassets"; sourceTree = "<group>"; };
		A8E430222958D1230029962B /* CoreDataManager.swift */ = {isa = PBXFileReference; lastKnownFileType = sourcecode.swift; path = CoreDataManager.swift; sourceTree = "<group>"; };
		A8E430252958D1230029962B /* NoteSwiftUI.xcdatamodel */ = {isa = PBXFileReference; lastKnownFileType = wrapper.xcdatamodel; path = NoteSwiftUI.xcdatamodel; sourceTree = "<group>"; };
		A8E4302C2958D1690029962B /* HomeViewModel.swift */ = {isa = PBXFileReference; lastKnownFileType = sourcecode.swift; path = HomeViewModel.swift; sourceTree = "<group>"; wrapsLines = 1; };
		A8E430302958D1D90029962B /* NoteNewAndEditView.swift */ = {isa = PBXFileReference; lastKnownFileType = sourcecode.swift; path = NoteNewAndEditView.swift; sourceTree = "<group>"; };
/* End PBXFileReference section */

/* Begin PBXFrameworksBuildPhase section */
		A8E430132958D1200029962B /* Frameworks */ = {
			isa = PBXFrameworksBuildPhase;
			buildActionMask = 2147483647;
			files = (
			);
			runOnlyForDeploymentPostprocessing = 0;
		};
/* End PBXFrameworksBuildPhase section */

/* Begin PBXGroup section */
		A8505967296567CC00EAACA0 /* View */ = {
			isa = PBXGroup;
			children = (
				A8E430302958D1D90029962B /* NoteNewAndEditView.swift */,
				A8E4301B2958D1200029962B /* HomeView.swift */,
			);
			path = View;
			sourceTree = "<group>";
		};
		A8505968296567DA00EAACA0 /* ViewModel */ = {
			isa = PBXGroup;
			children = (
				A850596129655DDF00EAACA0 /* NoteNewAndEditViewModel.swift */,
				A8E4302C2958D1690029962B /* HomeViewModel.swift */,
			);
			path = ViewModel;
			sourceTree = "<group>";
		};
		A85059692965680000EAACA0 /* Supports */ = {
			isa = PBXGroup;
			children = (
				A850596529655E8800EAACA0 /* VIew + modifier.swift */,
			);
			path = Supports;
			sourceTree = "<group>";
		};
		A8E4300D2958D1200029962B = {
			isa = PBXGroup;
			children = (
				A8E430192958D1200029962B /* NoteSwiftUIApp.swift */,
				A8E430182958D1200029962B /* NoteSwiftUI */,
				A8E430172958D1200029962B /* Products */,
			);
			sourceTree = "<group>";
		};
		A8E430172958D1200029962B /* Products */ = {
			isa = PBXGroup;
			children = (
				A8E430162958D1200029962B /* NoteSwiftUI.app */,
			);
			name = Products;
			sourceTree = "<group>";
		};
		A8E430182958D1200029962B /* NoteSwiftUI */ = {
			isa = PBXGroup;
			children = (
				A850595F29655C9400EAACA0 /* NoteCellView.swift */,
				A8505967296567CC00EAACA0 /* View */,
				A8505968296567DA00EAACA0 /* ViewModel */,
				A850596329655E2100EAACA0 /* AppStorageManager.swift */,
				A8E430222958D1230029962B /* CoreDataManager.swift */,
				A8E430242958D1230029962B /* NoteSwiftUI.xcdatamodeld */,
				A85059692965680000EAACA0 /* Supports */,
				A8E4301D2958D1230029962B /* Assets.xcassets */,
				A8E4301F2958D1230029962B /* Preview Content */,
			);
			path = NoteSwiftUI;
			sourceTree = "<group>";
		};
		A8E4301F2958D1230029962B /* Preview Content */ = {
			isa = PBXGroup;
			children = (
				A8E430202958D1230029962B /* Preview Assets.xcassets */,
			);
			path = "Preview Content";
			sourceTree = "<group>";
		};
/* End PBXGroup section */

/* Begin PBXNativeTarget section */
		A8E430152958D1200029962B /* NoteSwiftUI */ = {
			isa = PBXNativeTarget;
			buildConfigurationList = A8E430292958D1230029962B /* Build configuration list for PBXNativeTarget "NoteSwiftUI" */;
			buildPhases = (
				A8E430122958D1200029962B /* Sources */,
				A8E430132958D1200029962B /* Frameworks */,
				A8E430142958D1200029962B /* Resources */,
			);
			buildRules = (
			);
			dependencies = (
			);
			name = NoteSwiftUI;
			productName = NoteSwiftUI;
			productReference = A8E430162958D1200029962B /* NoteSwiftUI.app */;
			productType = "com.apple.product-type.application";
		};
/* End PBXNativeTarget section */

/* Begin PBXProject section */
		A8E4300E2958D1200029962B /* Project object */ = {
			isa = PBXProject;
			attributes = {
				BuildIndependentTargetsInParallel = 1;
				LastSwiftUpdateCheck = 1410;
				LastUpgradeCheck = 1410;
				TargetAttributes = {
					A8E430152958D1200029962B = {
						CreatedOnToolsVersion = 14.1;
					};
				};
			};
			buildConfigurationList = A8E430112958D1200029962B /* Build configuration list for PBXProject "NoteSwiftUI" */;
			compatibilityVersion = "Xcode 14.0";
			developmentRegion = en;
			hasScannedForEncodings = 0;
			knownRegions = (
				en,
				Base,
			);
			mainGroup = A8E4300D2958D1200029962B;
			productRefGroup = A8E430172958D1200029962B /* Products */;
			projectDirPath = "";
			projectRoot = "";
			targets = (
				A8E430152958D1200029962B /* NoteSwiftUI */,
			);
		};
/* End PBXProject section */

/* Begin PBXResourcesBuildPhase section */
		A8E430142958D1200029962B /* Resources */ = {
			isa = PBXResourcesBuildPhase;
			buildActionMask = 2147483647;
			files = (
				A8E430212958D1230029962B /* Preview Assets.xcassets in Resources */,
				A8E4301E2958D1230029962B /* Assets.xcassets in Resources */,
			);
			runOnlyForDeploymentPostprocessing = 0;
		};
/* End PBXResourcesBuildPhase section */

/* Begin PBXSourcesBuildPhase section */
		A8E430122958D1200029962B /* Sources */ = {
			isa = PBXSourcesBuildPhase;
			buildActionMask = 2147483647;
			files = (
				A8E430312958D1D90029962B /* NoteNewAndEditView.swift in Sources */,
				A850596229655DDF00EAACA0 /* NoteNewAndEditViewModel.swift in Sources */,
				A850596629655E8800EAACA0 /* VIew + modifier.swift in Sources */,
				A8E430232958D1230029962B /* CoreDataManager.swift in Sources */,
				A8E430262958D1230029962B /* NoteSwiftUI.xcdatamodeld in Sources */,
				A8E4301C2958D1200029962B /* HomeView.swift in Sources */,
				A8E4301A2958D1200029962B /* NoteSwiftUIApp.swift in Sources */,
				A850596029655C9400EAACA0 /* NoteCellView.swift in Sources */,
				A8E4302D2958D1690029962B /* HomeViewModel.swift in Sources */,
				A850596429655E2100EAACA0 /* AppStorageManager.swift in Sources */,
			);
			runOnlyForDeploymentPostprocessing = 0;
		};
/* End PBXSourcesBuildPhase section */

/* Begin XCBuildConfiguration section */
		A8E430272958D1230029962B /* Debug */ = {
			isa = XCBuildConfiguration;
			buildSettings = {
				ALWAYS_SEARCH_USER_PATHS = NO;
				CLANG_ANALYZER_NONNULL = YES;
				CLANG_ANALYZER_NUMBER_OBJECT_CONVERSION = YES_AGGRESSIVE;
				CLANG_CXX_LANGUAGE_STANDARD = "gnu++20";
				CLANG_ENABLE_MODULES = YES;
				CLANG_ENABLE_OBJC_ARC = YES;
				CLANG_ENABLE_OBJC_WEAK = YES;
				CLANG_WARN_BLOCK_CAPTURE_AUTORELEASING = YES;
				CLANG_WARN_BOOL_CONVERSION = YES;
				CLANG_WARN_COMMA = YES;
				CLANG_WARN_CONSTANT_CONVERSION = YES;
				CLANG_WARN_DEPRECATED_OBJC_IMPLEMENTATIONS = YES;
				CLANG_WARN_DIRECT_OBJC_ISA_USAGE = YES_ERROR;
				CLANG_WARN_DOCUMENTATION_COMMENTS = YES;
				CLANG_WARN_EMPTY_BODY = YES;
				CLANG_WARN_ENUM_CONVERSION = YES;
				CLANG_WARN_INFINITE_RECURSION = YES;
				CLANG_WARN_INT_CONVERSION = YES;
				CLANG_WARN_NON_LITERAL_NULL_CONVERSION = YES;
				CLANG_WARN_OBJC_IMPLICIT_RETAIN_SELF = YES;
				CLANG_WARN_OBJC_LITERAL_CONVERSION = YES;
				CLANG_WARN_OBJC_ROOT_CLASS = YES_ERROR;
				CLANG_WARN_QUOTED_INCLUDE_IN_FRAMEWORK_HEADER = YES;
				CLANG_WARN_RANGE_LOOP_ANALYSIS = YES;
				CLANG_WARN_STRICT_PROTOTYPES = YES;
				CLANG_WARN_SUSPICIOUS_MOVE = YES;
				CLANG_WARN_UNGUARDED_AVAILABILITY = YES_AGGRESSIVE;
				CLANG_WARN_UNREACHABLE_CODE = YES;
				CLANG_WARN__DUPLICATE_METHOD_MATCH = YES;
				COPY_PHASE_STRIP = NO;
				DEBUG_INFORMATION_FORMAT = dwarf;
				ENABLE_STRICT_OBJC_MSGSEND = YES;
				ENABLE_TESTABILITY = YES;
				GCC_C_LANGUAGE_STANDARD = gnu11;
				GCC_DYNAMIC_NO_PIC = NO;
				GCC_NO_COMMON_BLOCKS = YES;
				GCC_OPTIMIZATION_LEVEL = 0;
				GCC_PREPROCESSOR_DEFINITIONS = (
					"DEBUG=1",
					"$(inherited)",
				);
				GCC_WARN_64_TO_32_BIT_CONVERSION = YES;
				GCC_WARN_ABOUT_RETURN_TYPE = YES_ERROR;
				GCC_WARN_UNDECLARED_SELECTOR = YES;
				GCC_WARN_UNINITIALIZED_AUTOS = YES_AGGRESSIVE;
				GCC_WARN_UNUSED_FUNCTION = YES;
				GCC_WARN_UNUSED_VARIABLE = YES;
				IPHONEOS_DEPLOYMENT_TARGET = 16.1;
				MTL_ENABLE_DEBUG_INFO = INCLUDE_SOURCE;
				MTL_FAST_MATH = YES;
				ONLY_ACTIVE_ARCH = YES;
				SDKROOT = iphoneos;
				SWIFT_ACTIVE_COMPILATION_CONDITIONS = DEBUG;
				SWIFT_OPTIMIZATION_LEVEL = "-Onone";
			};
			name = Debug;
		};
		A8E430282958D1230029962B /* Release */ = {
			isa = XCBuildConfiguration;
			buildSettings = {
				ALWAYS_SEARCH_USER_PATHS = NO;
				CLANG_ANALYZER_NONNULL = YES;
				CLANG_ANALYZER_NUMBER_OBJECT_CONVERSION = YES_AGGRESSIVE;
				CLANG_CXX_LANGUAGE_STANDARD = "gnu++20";
				CLANG_ENABLE_MODULES = YES;
				CLANG_ENABLE_OBJC_ARC = YES;
				CLANG_ENABLE_OBJC_WEAK = YES;
				CLANG_WARN_BLOCK_CAPTURE_AUTORELEASING = YES;
				CLANG_WARN_BOOL_CONVERSION = YES;
				CLANG_WARN_COMMA = YES;
				CLANG_WARN_CONSTANT_CONVERSION = YES;
				CLANG_WARN_DEPRECATED_OBJC_IMPLEMENTATIONS = YES;
				CLANG_WARN_DIRECT_OBJC_ISA_USAGE = YES_ERROR;
				CLANG_WARN_DOCUMENTATION_COMMENTS = YES;
				CLANG_WARN_EMPTY_BODY = YES;
				CLANG_WARN_ENUM_CONVERSION = YES;
				CLANG_WARN_INFINITE_RECURSION = YES;
				CLANG_WARN_INT_CONVERSION = YES;
				CLANG_WARN_NON_LITERAL_NULL_CONVERSION = YES;
				CLANG_WARN_OBJC_IMPLICIT_RETAIN_SELF = YES;
				CLANG_WARN_OBJC_LITERAL_CONVERSION = YES;
				CLANG_WARN_OBJC_ROOT_CLASS = YES_ERROR;
				CLANG_WARN_QUOTED_INCLUDE_IN_FRAMEWORK_HEADER = YES;
				CLANG_WARN_RANGE_LOOP_ANALYSIS = YES;
				CLANG_WARN_STRICT_PROTOTYPES = YES;
				CLANG_WARN_SUSPICIOUS_MOVE = YES;
				CLANG_WARN_UNGUARDED_AVAILABILITY = YES_AGGRESSIVE;
				CLANG_WARN_UNREACHABLE_CODE = YES;
				CLANG_WARN__DUPLICATE_METHOD_MATCH = YES;
				COPY_PHASE_STRIP = NO;
				DEBUG_INFORMATION_FORMAT = "dwarf-with-dsym";
				ENABLE_NS_ASSERTIONS = NO;
				ENABLE_STRICT_OBJC_MSGSEND = YES;
				GCC_C_LANGUAGE_STANDARD = gnu11;
				GCC_NO_COMMON_BLOCKS = YES;
				GCC_WARN_64_TO_32_BIT_CONVERSION = YES;
				GCC_WARN_ABOUT_RETURN_TYPE = YES_ERROR;
				GCC_WARN_UNDECLARED_SELECTOR = YES;
				GCC_WARN_UNINITIALIZED_AUTOS = YES_AGGRESSIVE;
				GCC_WARN_UNUSED_FUNCTION = YES;
				GCC_WARN_UNUSED_VARIABLE = YES;
				IPHONEOS_DEPLOYMENT_TARGET = 16.1;
				MTL_ENABLE_DEBUG_INFO = NO;
				MTL_FAST_MATH = YES;
				SDKROOT = iphoneos;
				SWIFT_COMPILATION_MODE = wholemodule;
				SWIFT_OPTIMIZATION_LEVEL = "-O";
				VALIDATE_PRODUCT = YES;
			};
			name = Release;
		};
		A8E4302A2958D1230029962B /* Debug */ = {
			isa = XCBuildConfiguration;
			buildSettings = {
				ASSETCATALOG_COMPILER_APPICON_NAME = AppIcon;
				ASSETCATALOG_COMPILER_GLOBAL_ACCENT_COLOR_NAME = AccentColor;
				CODE_SIGN_STYLE = Automatic;
				CURRENT_PROJECT_VERSION = 1;
				DEVELOPMENT_ASSET_PATHS = "\"NoteSwiftUI/Preview Content\"";
				DEVELOPMENT_TEAM = F554D7F6K4;
				ENABLE_PREVIEWS = YES;
				GENERATE_INFOPLIST_FILE = YES;
				INFOPLIST_KEY_UIApplicationSceneManifest_Generation = YES;
				INFOPLIST_KEY_UIApplicationSupportsIndirectInputEvents = YES;
				INFOPLIST_KEY_UILaunchScreen_Generation = YES;
				INFOPLIST_KEY_UISupportedInterfaceOrientations_iPad = "UIInterfaceOrientationPortrait UIInterfaceOrientationPortraitUpsideDown UIInterfaceOrientationLandscapeLeft UIInterfaceOrientationLandscapeRight";
				INFOPLIST_KEY_UISupportedInterfaceOrientations_iPhone = "UIInterfaceOrientationPortrait UIInterfaceOrientationLandscapeLeft UIInterfaceOrientationLandscapeRight";
				LD_RUNPATH_SEARCH_PATHS = (
					"$(inherited)",
					"@executable_path/Frameworks",
				);
				MARKETING_VERSION = 1.0;
				PRODUCT_BUNDLE_IDENTIFIER = com.platonovalexandr.NoteSwiftUI;
				PRODUCT_NAME = "$(TARGET_NAME)";
				SWIFT_EMIT_LOC_STRINGS = YES;
				SWIFT_VERSION = 5.0;
				TARGETED_DEVICE_FAMILY = "1,2";
			};
			name = Debug;
		};
		A8E4302B2958D1230029962B /* Release */ = {
			isa = XCBuildConfiguration;
			buildSettings = {
				ASSETCATALOG_COMPILER_APPICON_NAME = AppIcon;
				ASSETCATALOG_COMPILER_GLOBAL_ACCENT_COLOR_NAME = AccentColor;
				CODE_SIGN_STYLE = Automatic;
				CURRENT_PROJECT_VERSION = 1;
				DEVELOPMENT_ASSET_PATHS = "\"NoteSwiftUI/Preview Content\"";
				DEVELOPMENT_TEAM = F554D7F6K4;
				ENABLE_PREVIEWS = YES;
				GENERATE_INFOPLIST_FILE = YES;
				INFOPLIST_KEY_UIApplicationSceneManifest_Generation = YES;
				INFOPLIST_KEY_UIApplicationSupportsIndirectInputEvents = YES;
				INFOPLIST_KEY_UILaunchScreen_Generation = YES;
				INFOPLIST_KEY_UISupportedInterfaceOrientations_iPad = "UIInterfaceOrientationPortrait UIInterfaceOrientationPortraitUpsideDown UIInterfaceOrientationLandscapeLeft UIInterfaceOrientationLandscapeRight";
				INFOPLIST_KEY_UISupportedInterfaceOrientations_iPhone = "UIInterfaceOrientationPortrait UIInterfaceOrientationLandscapeLeft UIInterfaceOrientationLandscapeRight";
				LD_RUNPATH_SEARCH_PATHS = (
					"$(inherited)",
					"@executable_path/Frameworks",
				);
				MARKETING_VERSION = 1.0;
				PRODUCT_BUNDLE_IDENTIFIER = com.platonovalexandr.NoteSwiftUI;
				PRODUCT_NAME = "$(TARGET_NAME)";
				SWIFT_EMIT_LOC_STRINGS = YES;
				SWIFT_VERSION = 5.0;
				TARGETED_DEVICE_FAMILY = "1,2";
			};
			name = Release;
		};
/* End XCBuildConfiguration section */

/* Begin XCConfigurationList section */
		A8E430112958D1200029962B /* Build configuration list for PBXProject "NoteSwiftUI" */ = {
			isa = XCConfigurationList;
			buildConfigurations = (
				A8E430272958D1230029962B /* Debug */,
				A8E430282958D1230029962B /* Release */,
			);
			defaultConfigurationIsVisible = 0;
			defaultConfigurationName = Release;
		};
		A8E430292958D1230029962B /* Build configuration list for PBXNativeTarget "NoteSwiftUI" */ = {
			isa = XCConfigurationList;
			buildConfigurations = (
				A8E4302A2958D1230029962B /* Debug */,
				A8E4302B2958D1230029962B /* Release */,
			);
			defaultConfigurationIsVisible = 0;
			defaultConfigurationName = Release;
		};
/* End XCConfigurationList section */

/* Begin XCVersionGroup section */
		A8E430242958D1230029962B /* NoteSwiftUI.xcdatamodeld */ = {
			isa = XCVersionGroup;
			children = (
				A8E430252958D1230029962B /* NoteSwiftUI.xcdatamodel */,
			);
			currentVersion = A8E430252958D1230029962B /* NoteSwiftUI.xcdatamodel */;
			path = NoteSwiftUI.xcdatamodeld;
			sourceTree = "<group>";
			versionGroupType = wrapper.xcdatamodel;
		};
/* End XCVersionGroup section */
	};
	rootObject = A8E4300E2958D1200029962B /* Project object */;
}
